Microsoft Visual Studio Solution File, Format Version 12.00
# Visual Studio 2012
Project("{FAE04EC0-301F-11D3-BF4B-00C04F79EFBC}") = "AutoBattler", "AutoBattler.csproj", "{163FFEE1-7A4D-4C46-8017-DE3FD13DCC87}"
EndProject
Global
	GlobalSection(SolutionConfigurationPlatforms) = preSolution
	Debug|Any CPU = Debug|Any CPU
	ExportDebug|Any CPU = ExportDebug|Any CPU
	ExportRelease|Any CPU = ExportRelease|Any CPU
	EndGlobalSection
	GlobalSection(ProjectConfigurationPlatforms) = postSolution
		{163FFEE1-7A4D-4C46-8017-DE3FD13DCC87}.Debug|Any CPU.ActiveCfg = Debug|Any CPU
		{163FFEE1-7A4D-4C46-8017-DE3FD13DCC87}.Debug|Any CPU.Build.0 = Debug|Any CPU
		{163FFEE1-7A4D-4C46-8017-DE3FD13DCC87}.ExportDebug|Any CPU.ActiveCfg = ExportDebug|Any CPU
		{163FFEE1-7A4D-4C46-8017-DE3FD13DCC87}.ExportDebug|Any CPU.Build.0 = ExportDebug|Any CPU
		{163FFEE1-7A4D-4C46-8017-DE3FD13DCC87}.ExportRelease|Any CPU.ActiveCfg = ExportRelease|Any CPU
		{163FFEE1-7A4D-4C46-8017-DE3FD13DCC87}.ExportRelease|Any CPU.Build.0 = ExportRelease|Any CPU
	EndGlobalSection
EndGlobal
